Microsoft Visual Studio Solution File, Format Version 11.00
# Visual Studio 2008

Project("{2DBD0801-C710-06BD-57C9-E19FB6086C16}") = "Reciclador_Jef - Copia", "Assembly-CSharp.csproj", "{3EA98918-9CE0-DF03-CDDD-CA20A64CBC03}"
EndProject
Global
	GlobalSection(SolutionConfigurationPlatforms) = preSolution
		Debug|Any CPU = Debug|Any CPU
		Release|Any CPU = Release|Any CPU
	EndGlobalSection
	GlobalSection(ProjectConfigurationPlatforms) = postSolution
		{3EA98918-9CE0-DF03-CDDD-CA20A64CBC03}.Debug|Any CPU.ActiveCfg = Debug|Any CPU
		{3EA98918-9CE0-DF03-CDDD-CA20A64CBC03}.Debug|Any CPU.Build.0 = Debug|Any CPU
		{3EA98918-9CE0-DF03-CDDD-CA20A64CBC03}.Release|Any CPU.ActiveCfg = Release|Any CPU
		{3EA98918-9CE0-DF03-CDDD-CA20A64CBC03}.Release|Any CPU.Build.0 = Release|Any CPU
	EndGlobalSection
	GlobalSection(SolutionProperties) = preSolution
		HideSolutionNode = FALSE
	EndGlobalSection
	GlobalSection(MonoDevelopProperties) = preSolution
		StartupItem = Assembly-CSharp.csproj
	EndGlobalSection
EndGlobal
