Microsoft Visual Studio Solution File, Format Version 11.00
# Visual Studio 2008

Project("{B0EB7CC6-1054-471B-984A-FA3415DBAD6C}") = "Reciclador_Ilidio", "Assembly-CSharp.csproj", "{4E095C8F-D4B0-22C7-6C66-A987EA39D1D8}"
EndProject
Global
	GlobalSection(SolutionConfigurationPlatforms) = preSolution
		Debug|Any CPU = Debug|Any CPU
		Release|Any CPU = Release|Any CPU
	EndGlobalSection
	GlobalSection(ProjectConfigurationPlatforms) = postSolution
		{4E095C8F-D4B0-22C7-6C66-A987EA39D1D8}.Debug|Any CPU.ActiveCfg = Debug|Any CPU
		{4E095C8F-D4B0-22C7-6C66-A987EA39D1D8}.Debug|Any CPU.Build.0 = Debug|Any CPU
		{4E095C8F-D4B0-22C7-6C66-A987EA39D1D8}.Release|Any CPU.ActiveCfg = Release|Any CPU
		{4E095C8F-D4B0-22C7-6C66-A987EA39D1D8}.Release|Any CPU.Build.0 = Release|Any CPU
	EndGlobalSection
	GlobalSection(SolutionProperties) = preSolution
		HideSolutionNode = FALSE
	EndGlobalSection
	GlobalSection(MonoDevelopProperties) = preSolution
		StartupItem = Assembly-CSharp.csproj
	EndGlobalSection
EndGlobal
