Microsoft Visual Studio Solution File, Format Version 11.00
# Visual Studio 2008

Project("{604EE42D-D01A-9981-7A3E-0448DB632CD1}") = "Reciclador_Android_Jef", "Assembly-CSharp.csproj", "{F735289F-51B2-8108-D34C-C2C2304C9539}"
EndProject
Global
	GlobalSection(SolutionConfigurationPlatforms) = preSolution
		Debug|Any CPU = Debug|Any CPU
		Release|Any CPU = Release|Any CPU
	EndGlobalSection
	GlobalSection(ProjectConfigurationPlatforms) = postSolution
		{F735289F-51B2-8108-D34C-C2C2304C9539}.Debug|Any CPU.ActiveCfg = Debug|Any CPU
		{F735289F-51B2-8108-D34C-C2C2304C9539}.Debug|Any CPU.Build.0 = Debug|Any CPU
		{F735289F-51B2-8108-D34C-C2C2304C9539}.Release|Any CPU.ActiveCfg = Release|Any CPU
		{F735289F-51B2-8108-D34C-C2C2304C9539}.Release|Any CPU.Build.0 = Release|Any CPU
	EndGlobalSection
	GlobalSection(SolutionProperties) = preSolution
		HideSolutionNode = FALSE
	EndGlobalSection
	GlobalSection(MonoDevelopProperties) = preSolution
		StartupItem = Assembly-CSharp.csproj
	EndGlobalSection
EndGlobal
