
Microsoft Visual Studio Solution File, Format Version 12.00
# Visual Studio 2015
Project("{FAE04EC0-301F-11D3-BF4B-00C04F79EFBC}") = "Reciclador_Andre.CSharp", "Reciclador_Andre.CSharp.csproj", "{8CE5AA4A-D200-AD80-65D0-6716B5E18AAA}"
EndProject
Global
	GlobalSection(SolutionConfigurationPlatforms) = preSolution
		Debug|Any CPU = Debug|Any CPU
		Release|Any CPU = Release|Any CPU
	EndGlobalSection
	GlobalSection(ProjectConfigurationPlatforms) = postSolution
		{8CE5AA4A-D200-AD80-65D0-6716B5E18AAA}.Debug|Any CPU.ActiveCfg = Debug|Any CPU
		{8CE5AA4A-D200-AD80-65D0-6716B5E18AAA}.Debug|Any CPU.Build.0 = Debug|Any CPU
		{8CE5AA4A-D200-AD80-65D0-6716B5E18AAA}.Release|Any CPU.ActiveCfg = Release|Any CPU
		{8CE5AA4A-D200-AD80-65D0-6716B5E18AAA}.Release|Any CPU.Build.0 = Release|Any CPU
	EndGlobalSection
	GlobalSection(SolutionProperties) = preSolution
		HideSolutionNode = FALSE
	EndGlobalSection
EndGlobal
